
Microsoft Visual Studio Solution File, Format Version 12.00
# Visual Studio Version 17
VisualStudioVersion = 17.1.32210.238
MinimumVisualStudioVersion = 10.0.40219.1
Project("{FAE04EC0-301F-11D3-BF4B-00C04F79EFBC}") = "TheConcert", "TheConcert\TheConcert.csproj", "{00E0F453-C5FD-4AD9-BB4F-446D95CFC134}"
EndProject
Global
	GlobalSection(SolutionConfigurationPlatforms) = preSolution
		Debug|Any CPU = Debug|Any CPU
		Release|Any CPU = Release|Any CPU
	EndGlobalSection
	GlobalSection(ProjectConfigurationPlatforms) = postSolution
		{00E0F453-C5FD-4AD9-BB4F-446D95CFC134}.Debug|Any CPU.ActiveCfg = Debug|Any CPU
		{00E0F453-C5FD-4AD9-BB4F-446D95CFC134}.Debug|Any CPU.Build.0 = Debug|Any CPU
		{00E0F453-C5FD-4AD9-BB4F-446D95CFC134}.Release|Any CPU.ActiveCfg = Release|Any CPU
		{00E0F453-C5FD-4AD9-BB4F-446D95CFC134}.Release|Any CPU.Build.0 = Release|Any CPU
	EndGlobalSection
	GlobalSection(SolutionProperties) = preSolution
		HideSolutionNode = FALSE
	EndGlobalSection
	GlobalSection(ExtensibilityGlobals) = postSolution
		SolutionGuid = {5B31AA90-E6FF-4DF8-B618-9A5DE3DCA81B}
	EndGlobalSection
EndGlobal
